
Microsoft Visual Studio Solution File, Format Version 12.00
# Visual Studio Version 17
VisualStudioVersion = 17.11.35312.102
MinimumVisualStudioVersion = 10.0.40219.1
Project("{8BC9CEB8-8B4A-11D0-8D11-00A0C91BC942}") = "windowsOS_VS", "windowsOS_VS\windowsOS_VS.vcxproj", "{DED7E227-6F5A-4343-8930-8F19A6C6516A}"
EndProject
Project("{8BC9CEB8-8B4A-11D0-8D11-00A0C91BC942}") = "HelloWorld", "HelloWorld\HelloWorld.vcxproj", "{732B0695-66AE-4D58-842A-0C1A03572518}"
EndProject
Project("{8BC9CEB8-8B4A-11D0-8D11-00A0C91BC942}") = "getcharSample", "getcharSample\getcharSample.vcxproj", "{321CCCC4-6A61-4A71-93EE-D4AE045E7D52}"
EndProject
Project("{8BC9CEB8-8B4A-11D0-8D11-00A0C91BC942}") = "StringInput", "StringInput\StringInput.vcxproj", "{6C0A2FCE-FBA6-4969-8C90-E7524CF2E185}"
EndProject
Project("{8BC9CEB8-8B4A-11D0-8D11-00A0C91BC942}") = "scanfChar", "scanfChar\scanfChar.vcxproj", "{FFC93807-5B38-4579-8BD7-3A7ECE303098}"
EndProject
Project("{8BC9CEB8-8B4A-11D0-8D11-00A0C91BC942}") = "Exam_01", "Exam_01\Exam_01.vcxproj", "{9AC57F13-4DD8-4629-B38B-C474E1F0AEAC}"
EndProject
Project("{8BC9CEB8-8B4A-11D0-8D11-00A0C91BC942}") = "tmpResult", "tmpResult\tmpResult.vcxproj", "{7AE226AE-52AE-478A-96A0-523BA20D75DB}"
EndProject
Project("{8BC9CEB8-8B4A-11D0-8D11-00A0C91BC942}") = "Exam_02", "Exam_02\Exam_02.vcxproj", "{3C4C9AA4-62BF-47FB-B673-30037EDE9BA4}"
EndProject
Project("{8BC9CEB8-8B4A-11D0-8D11-00A0C91BC942}") = "getchSample", "getchSample\getchSample.vcxproj", "{4C948852-6EF6-40CA-9E15-10CFC32EF86C}"
EndProject
Project("{8BC9CEB8-8B4A-11D0-8D11-00A0C91BC942}") = "stringZero", "stringZero\stringZero.vcxproj", "{522BBA80-D7FF-498A-B8BC-EEDB8B76A1FF}"
EndProject
Project("{8BC9CEB8-8B4A-11D0-8D11-00A0C91BC942}") = "Exam_03", "Exam_03\Exam_03.vcxproj", "{D8D95782-2A58-45F2-AD33-4B7EB159531E}"
EndProject
Project("{8BC9CEB8-8B4A-11D0-8D11-00A0C91BC942}") = "Exam_04", "Exam_04\Exam_04.vcxproj", "{419CA346-B729-4638-8512-4765C6FFC0FA}"
EndProject
Project("{8BC9CEB8-8B4A-11D0-8D11-00A0C91BC942}") = "Exam_05", "Exam_05\Exam_05.vcxproj", "{7C19317A-950D-4855-BD66-EEC6AFB61F7C}"
EndProject
Project("{8BC9CEB8-8B4A-11D0-8D11-00A0C91BC942}") = "Scratch", "Scratch\Scratch.vcxproj", "{FEB97D54-7ACD-4D2B-8467-D78BDED67EA2}"
EndProject
Project("{8BC9CEB8-8B4A-11D0-8D11-00A0C91BC942}") = "Endian", "Endian\Endian.vcxproj", "{F9A4D570-07DD-4CB2-8D6E-509FADA7A749}"
EndProject
Project("{8BC9CEB8-8B4A-11D0-8D11-00A0C91BC942}") = "BitwiseOperator", "BitwiseOperator\BitwiseOperator.vcxproj", "{AEF78CD5-21B7-42F6-9F54-6F24D12FE2EF}"
EndProject
Project("{8BC9CEB8-8B4A-11D0-8D11-00A0C91BC942}") = "Exam_06", "Exam_06\Exam_06.vcxproj", "{5D269DDA-A5E2-416E-8A6B-D7A68BE1F798}"
EndProject
Project("{8BC9CEB8-8B4A-11D0-8D11-00A0C91BC942}") = "Exam_07", "Exam_07\Exam_07.vcxproj", "{332B771C-6ADB-4A8A-9663-7D47F727623C}"
EndProject
Project("{8BC9CEB8-8B4A-11D0-8D11-00A0C91BC942}") = "ShortCircuit", "ShortCircuit\ShortCircuit.vcxproj", "{96D276F6-B939-4FD7-B276-02B9A17F444E}"
EndProject
Project("{8BC9CEB8-8B4A-11D0-8D11-00A0C91BC942}") = "sizeofSample", "sizeofSample\sizeofSample.vcxproj", "{DADD7FCF-DA5F-4BBC-AADA-5632A9F048CB}"
EndProject
Project("{8BC9CEB8-8B4A-11D0-8D11-00A0C91BC942}") = "Exam_08", "Exam_08\Exam_08.vcxproj", "{43353D2B-5BC6-491E-9D30-4395A4C7FFF6}"
EndProject
Project("{8BC9CEB8-8B4A-11D0-8D11-00A0C91BC942}") = "Exam_09", "Exam_09\Exam_09.vcxproj", "{0152FDCA-AB32-450C-84B5-84F8081B23ED}"
EndProject
Project("{8BC9CEB8-8B4A-11D0-8D11-00A0C91BC942}") = "Exam_10", "Exam_10\Exam_10.vcxproj", "{A82A712B-5EC8-4085-BF82-9B4ED93F7D0B}"
EndProject
Project("{8BC9CEB8-8B4A-11D0-8D11-00A0C91BC942}") = "Exam_11", "Exam_11\Exam_11.vcxproj", "{06977634-BB2E-4626-8A31-6C3115286261}"
EndProject
Project("{8BC9CEB8-8B4A-11D0-8D11-00A0C91BC942}") = "Exam_12", "Exam_12\Exam_12.vcxproj", "{E3B50ED0-6584-468A-8B73-828706C7D62F}"
EndProject
Project("{8BC9CEB8-8B4A-11D0-8D11-00A0C91BC942}") = "switchCaseStatement", "switchCaseStatement\switchCaseStatement.vcxproj", "{E1373C9A-6691-4E52-BB8F-43D249B28A9B}"
EndProject
Project("{8BC9CEB8-8B4A-11D0-8D11-00A0C91BC942}") = "SwitchCaseSample", "SwitchCaseSample\SwitchCaseSample.vcxproj", "{B79FAC93-667D-410D-AFB0-EE6CD19CD30E}"
EndProject
Project("{8BC9CEB8-8B4A-11D0-8D11-00A0C91BC942}") = "gotoStatement", "gotoStatement\gotoStatement.vcxproj", "{F4D4FDCB-726E-49AC-A38B-1EDFC178348D}"
EndProject
Project("{8BC9CEB8-8B4A-11D0-8D11-00A0C91BC942}") = "gotoStatementSample", "gotoStatementSample\gotoStatementSample.vcxproj", "{34CB2FF9-8869-4CBD-BAF3-80A3CEABDF55}"
EndProject
Project("{8BC9CEB8-8B4A-11D0-8D11-00A0C91BC942}") = "Exam_13", "Exam_13\Exam_13.vcxproj", "{087EB356-342C-4CE7-91FF-B8BD2930358A}"
EndProject
Project("{8BC9CEB8-8B4A-11D0-8D11-00A0C91BC942}") = "Exam_14", "Exam_14\Exam_14.vcxproj", "{074BD822-D114-4007-9CE1-D948C2876DBC}"
EndProject
Project("{8BC9CEB8-8B4A-11D0-8D11-00A0C91BC942}") = "Exam_15", "Exam_15\Exam_15.vcxproj", "{F2F1BEDE-0B4F-456E-893C-938C9C104671}"
EndProject
Project("{8BC9CEB8-8B4A-11D0-8D11-00A0C91BC942}") = "Exam_16", "Exam_16\Exam_16.vcxproj", "{44C1E970-71B4-40D6-BA4F-AFBCE2B8E175}"
EndProject
Global
	GlobalSection(SolutionConfigurationPlatforms) = preSolution
		Debug|x64 = Debug|x64
		Debug|x86 = Debug|x86
		Release|x64 = Release|x64
		Release|x86 = Release|x86
	EndGlobalSection
	GlobalSection(ProjectConfigurationPlatforms) = postSolution
		{DED7E227-6F5A-4343-8930-8F19A6C6516A}.Debug|x64.ActiveCfg = Debug|x64
		{DED7E227-6F5A-4343-8930-8F19A6C6516A}.Debug|x64.Build.0 = Debug|x64
		{DED7E227-6F5A-4343-8930-8F19A6C6516A}.Debug|x86.ActiveCfg = Debug|Win32
		{DED7E227-6F5A-4343-8930-8F19A6C6516A}.Debug|x86.Build.0 = Debug|Win32
		{DED7E227-6F5A-4343-8930-8F19A6C6516A}.Release|x64.ActiveCfg = Release|x64
		{DED7E227-6F5A-4343-8930-8F19A6C6516A}.Release|x64.Build.0 = Release|x64
		{DED7E227-6F5A-4343-8930-8F19A6C6516A}.Release|x86.ActiveCfg = Release|Win32
		{DED7E227-6F5A-4343-8930-8F19A6C6516A}.Release|x86.Build.0 = Release|Win32
		{732B0695-66AE-4D58-842A-0C1A03572518}.Debug|x64.ActiveCfg = Debug|x64
		{732B0695-66AE-4D58-842A-0C1A03572518}.Debug|x64.Build.0 = Debug|x64
		{732B0695-66AE-4D58-842A-0C1A03572518}.Debug|x86.ActiveCfg = Debug|Win32
		{732B0695-66AE-4D58-842A-0C1A03572518}.Debug|x86.Build.0 = Debug|Win32
		{732B0695-66AE-4D58-842A-0C1A03572518}.Release|x64.ActiveCfg = Release|x64
		{732B0695-66AE-4D58-842A-0C1A03572518}.Release|x64.Build.0 = Release|x64
		{732B0695-66AE-4D58-842A-0C1A03572518}.Release|x86.ActiveCfg = Release|Win32
		{732B0695-66AE-4D58-842A-0C1A03572518}.Release|x86.Build.0 = Release|Win32
		{321CCCC4-6A61-4A71-93EE-D4AE045E7D52}.Debug|x64.ActiveCfg = Debug|x64
		{321CCCC4-6A61-4A71-93EE-D4AE045E7D52}.Debug|x64.Build.0 = Debug|x64
		{321CCCC4-6A61-4A71-93EE-D4AE045E7D52}.Debug|x86.ActiveCfg = Debug|Win32
		{321CCCC4-6A61-4A71-93EE-D4AE045E7D52}.Debug|x86.Build.0 = Debug|Win32
		{321CCCC4-6A61-4A71-93EE-D4AE045E7D52}.Release|x64.ActiveCfg = Release|x64
		{321CCCC4-6A61-4A71-93EE-D4AE045E7D52}.Release|x64.Build.0 = Release|x64
		{321CCCC4-6A61-4A71-93EE-D4AE045E7D52}.Release|x86.ActiveCfg = Release|Win32
		{321CCCC4-6A61-4A71-93EE-D4AE045E7D52}.Release|x86.Build.0 = Release|Win32
		{6C0A2FCE-FBA6-4969-8C90-E7524CF2E185}.Debug|x64.ActiveCfg = Debug|x64
		{6C0A2FCE-FBA6-4969-8C90-E7524CF2E185}.Debug|x64.Build.0 = Debug|x64
		{6C0A2FCE-FBA6-4969-8C90-E7524CF2E185}.Debug|x86.ActiveCfg = Debug|Win32
		{6C0A2FCE-FBA6-4969-8C90-E7524CF2E185}.Debug|x86.Build.0 = Debug|Win32
		{6C0A2FCE-FBA6-4969-8C90-E7524CF2E185}.Release|x64.ActiveCfg = Release|x64
		{6C0A2FCE-FBA6-4969-8C90-E7524CF2E185}.Release|x64.Build.0 = Release|x64
		{6C0A2FCE-FBA6-4969-8C90-E7524CF2E185}.Release|x86.ActiveCfg = Release|Win32
		{6C0A2FCE-FBA6-4969-8C90-E7524CF2E185}.Release|x86.Build.0 = Release|Win32
		{FFC93807-5B38-4579-8BD7-3A7ECE303098}.Debug|x64.ActiveCfg = Debug|x64
		{FFC93807-5B38-4579-8BD7-3A7ECE303098}.Debug|x64.Build.0 = Debug|x64
		{FFC93807-5B38-4579-8BD7-3A7ECE303098}.Debug|x86.ActiveCfg = Debug|Win32
		{FFC93807-5B38-4579-8BD7-3A7ECE303098}.Debug|x86.Build.0 = Debug|Win32
		{FFC93807-5B38-4579-8BD7-3A7ECE303098}.Release|x64.ActiveCfg = Release|x64
		{FFC93807-5B38-4579-8BD7-3A7ECE303098}.Release|x64.Build.0 = Release|x64
		{FFC93807-5B38-4579-8BD7-3A7ECE303098}.Release|x86.ActiveCfg = Release|Win32
		{FFC93807-5B38-4579-8BD7-3A7ECE303098}.Release|x86.Build.0 = Release|Win32
		{9AC57F13-4DD8-4629-B38B-C474E1F0AEAC}.Debug|x64.ActiveCfg = Debug|x64
		{9AC57F13-4DD8-4629-B38B-C474E1F0AEAC}.Debug|x64.Build.0 = Debug|x64
		{9AC57F13-4DD8-4629-B38B-C474E1F0AEAC}.Debug|x86.ActiveCfg = Debug|Win32
		{9AC57F13-4DD8-4629-B38B-C474E1F0AEAC}.Debug|x86.Build.0 = Debug|Win32
		{9AC57F13-4DD8-4629-B38B-C474E1F0AEAC}.Release|x64.ActiveCfg = Release|x64
		{9AC57F13-4DD8-4629-B38B-C474E1F0AEAC}.Release|x64.Build.0 = Release|x64
		{9AC57F13-4DD8-4629-B38B-C474E1F0AEAC}.Release|x86.ActiveCfg = Release|Win32
		{9AC57F13-4DD8-4629-B38B-C474E1F0AEAC}.Release|x86.Build.0 = Release|Win32
		{7AE226AE-52AE-478A-96A0-523BA20D75DB}.Debug|x64.ActiveCfg = Debug|x64
		{7AE226AE-52AE-478A-96A0-523BA20D75DB}.Debug|x64.Build.0 = Debug|x64
		{7AE226AE-52AE-478A-96A0-523BA20D75DB}.Debug|x86.ActiveCfg = Debug|Win32
		{7AE226AE-52AE-478A-96A0-523BA20D75DB}.Debug|x86.Build.0 = Debug|Win32
		{7AE226AE-52AE-478A-96A0-523BA20D75DB}.Release|x64.ActiveCfg = Release|x64
		{7AE226AE-52AE-478A-96A0-523BA20D75DB}.Release|x64.Build.0 = Release|x64
		{7AE226AE-52AE-478A-96A0-523BA20D75DB}.Release|x86.ActiveCfg = Release|Win32
		{7AE226AE-52AE-478A-96A0-523BA20D75DB}.Release|x86.Build.0 = Release|Win32
		{3C4C9AA4-62BF-47FB-B673-30037EDE9BA4}.Debug|x64.ActiveCfg = Debug|x64
		{3C4C9AA4-62BF-47FB-B673-30037EDE9BA4}.Debug|x64.Build.0 = Debug|x64
		{3C4C9AA4-62BF-47FB-B673-30037EDE9BA4}.Debug|x86.ActiveCfg = Debug|Win32
		{3C4C9AA4-62BF-47FB-B673-30037EDE9BA4}.Debug|x86.Build.0 = Debug|Win32
		{3C4C9AA4-62BF-47FB-B673-30037EDE9BA4}.Release|x64.ActiveCfg = Release|x64
		{3C4C9AA4-62BF-47FB-B673-30037EDE9BA4}.Release|x64.Build.0 = Release|x64
		{3C4C9AA4-62BF-47FB-B673-30037EDE9BA4}.Release|x86.ActiveCfg = Release|Win32
		{3C4C9AA4-62BF-47FB-B673-30037EDE9BA4}.Release|x86.Build.0 = Release|Win32
		{4C948852-6EF6-40CA-9E15-10CFC32EF86C}.Debug|x64.ActiveCfg = Debug|x64
		{4C948852-6EF6-40CA-9E15-10CFC32EF86C}.Debug|x64.Build.0 = Debug|x64
		{4C948852-6EF6-40CA-9E15-10CFC32EF86C}.Debug|x86.ActiveCfg = Debug|Win32
		{4C948852-6EF6-40CA-9E15-10CFC32EF86C}.Debug|x86.Build.0 = Debug|Win32
		{4C948852-6EF6-40CA-9E15-10CFC32EF86C}.Release|x64.ActiveCfg = Release|x64
		{4C948852-6EF6-40CA-9E15-10CFC32EF86C}.Release|x64.Build.0 = Release|x64
		{4C948852-6EF6-40CA-9E15-10CFC32EF86C}.Release|x86.ActiveCfg = Release|Win32
		{4C948852-6EF6-40CA-9E15-10CFC32EF86C}.Release|x86.Build.0 = Release|Win32
		{522BBA80-D7FF-498A-B8BC-EEDB8B76A1FF}.Debug|x64.ActiveCfg = Debug|x64
		{522BBA80-D7FF-498A-B8BC-EEDB8B76A1FF}.Debug|x64.Build.0 = Debug|x64
		{522BBA80-D7FF-498A-B8BC-EEDB8B76A1FF}.Debug|x86.ActiveCfg = Debug|Win32
		{522BBA80-D7FF-498A-B8BC-EEDB8B76A1FF}.Debug|x86.Build.0 = Debug|Win32
		{522BBA80-D7FF-498A-B8BC-EEDB8B76A1FF}.Release|x64.ActiveCfg = Release|x64
		{522BBA80-D7FF-498A-B8BC-EEDB8B76A1FF}.Release|x64.Build.0 = Release|x64
		{522BBA80-D7FF-498A-B8BC-EEDB8B76A1FF}.Release|x86.ActiveCfg = Release|Win32
		{522BBA80-D7FF-498A-B8BC-EEDB8B76A1FF}.Release|x86.Build.0 = Release|Win32
		{D8D95782-2A58-45F2-AD33-4B7EB159531E}.Debug|x64.ActiveCfg = Debug|x64
		{D8D95782-2A58-45F2-AD33-4B7EB159531E}.Debug|x64.Build.0 = Debug|x64
		{D8D95782-2A58-45F2-AD33-4B7EB159531E}.Debug|x86.ActiveCfg = Debug|Win32
		{D8D95782-2A58-45F2-AD33-4B7EB159531E}.Debug|x86.Build.0 = Debug|Win32
		{D8D95782-2A58-45F2-AD33-4B7EB159531E}.Release|x64.ActiveCfg = Release|x64
		{D8D95782-2A58-45F2-AD33-4B7EB159531E}.Release|x64.Build.0 = Release|x64
		{D8D95782-2A58-45F2-AD33-4B7EB159531E}.Release|x86.ActiveCfg = Release|Win32
		{D8D95782-2A58-45F2-AD33-4B7EB159531E}.Release|x86.Build.0 = Release|Win32
		{419CA346-B729-4638-8512-4765C6FFC0FA}.Debug|x64.ActiveCfg = Debug|x64
		{419CA346-B729-4638-8512-4765C6FFC0FA}.Debug|x64.Build.0 = Debug|x64
		{419CA346-B729-4638-8512-4765C6FFC0FA}.Debug|x86.ActiveCfg = Debug|Win32
		{419CA346-B729-4638-8512-4765C6FFC0FA}.Debug|x86.Build.0 = Debug|Win32
		{419CA346-B729-4638-8512-4765C6FFC0FA}.Release|x64.ActiveCfg = Release|x64
		{419CA346-B729-4638-8512-4765C6FFC0FA}.Release|x64.Build.0 = Release|x64
		{419CA346-B729-4638-8512-4765C6FFC0FA}.Release|x86.ActiveCfg = Release|Win32
		{419CA346-B729-4638-8512-4765C6FFC0FA}.Release|x86.Build.0 = Release|Win32
		{7C19317A-950D-4855-BD66-EEC6AFB61F7C}.Debug|x64.ActiveCfg = Debug|x64
		{7C19317A-950D-4855-BD66-EEC6AFB61F7C}.Debug|x64.Build.0 = Debug|x64
		{7C19317A-950D-4855-BD66-EEC6AFB61F7C}.Debug|x86.ActiveCfg = Debug|Win32
		{7C19317A-950D-4855-BD66-EEC6AFB61F7C}.Debug|x86.Build.0 = Debug|Win32
		{7C19317A-950D-4855-BD66-EEC6AFB61F7C}.Release|x64.ActiveCfg = Release|x64
		{7C19317A-950D-4855-BD66-EEC6AFB61F7C}.Release|x64.Build.0 = Release|x64
		{7C19317A-950D-4855-BD66-EEC6AFB61F7C}.Release|x86.ActiveCfg = Release|Win32
		{7C19317A-950D-4855-BD66-EEC6AFB61F7C}.Release|x86.Build.0 = Release|Win32
		{FEB97D54-7ACD-4D2B-8467-D78BDED67EA2}.Debug|x64.ActiveCfg = Debug|x64
		{FEB97D54-7ACD-4D2B-8467-D78BDED67EA2}.Debug|x64.Build.0 = Debug|x64
		{FEB97D54-7ACD-4D2B-8467-D78BDED67EA2}.Debug|x86.ActiveCfg = Debug|Win32
		{FEB97D54-7ACD-4D2B-8467-D78BDED67EA2}.Debug|x86.Build.0 = Debug|Win32
		{FEB97D54-7ACD-4D2B-8467-D78BDED67EA2}.Release|x64.ActiveCfg = Release|x64
		{FEB97D54-7ACD-4D2B-8467-D78BDED67EA2}.Release|x64.Build.0 = Release|x64
		{FEB97D54-7ACD-4D2B-8467-D78BDED67EA2}.Release|x86.ActiveCfg = Release|Win32
		{FEB97D54-7ACD-4D2B-8467-D78BDED67EA2}.Release|x86.Build.0 = Release|Win32
		{F9A4D570-07DD-4CB2-8D6E-509FADA7A749}.Debug|x64.ActiveCfg = Debug|x64
		{F9A4D570-07DD-4CB2-8D6E-509FADA7A749}.Debug|x64.Build.0 = Debug|x64
		{F9A4D570-07DD-4CB2-8D6E-509FADA7A749}.Debug|x86.ActiveCfg = Debug|Win32
		{F9A4D570-07DD-4CB2-8D6E-509FADA7A749}.Debug|x86.Build.0 = Debug|Win32
		{F9A4D570-07DD-4CB2-8D6E-509FADA7A749}.Release|x64.ActiveCfg = Release|x64
		{F9A4D570-07DD-4CB2-8D6E-509FADA7A749}.Release|x64.Build.0 = Release|x64
		{F9A4D570-07DD-4CB2-8D6E-509FADA7A749}.Release|x86.ActiveCfg = Release|Win32
		{F9A4D570-07DD-4CB2-8D6E-509FADA7A749}.Release|x86.Build.0 = Release|Win32
		{AEF78CD5-21B7-42F6-9F54-6F24D12FE2EF}.Debug|x64.ActiveCfg = Debug|x64
		{AEF78CD5-21B7-42F6-9F54-6F24D12FE2EF}.Debug|x64.Build.0 = Debug|x64
		{AEF78CD5-21B7-42F6-9F54-6F24D12FE2EF}.Debug|x86.ActiveCfg = Debug|Win32
		{AEF78CD5-21B7-42F6-9F54-6F24D12FE2EF}.Debug|x86.Build.0 = Debug|Win32
		{AEF78CD5-21B7-42F6-9F54-6F24D12FE2EF}.Release|x64.ActiveCfg = Release|x64
		{AEF78CD5-21B7-42F6-9F54-6F24D12FE2EF}.Release|x64.Build.0 = Release|x64
		{AEF78CD5-21B7-42F6-9F54-6F24D12FE2EF}.Release|x86.ActiveCfg = Release|Win32
		{AEF78CD5-21B7-42F6-9F54-6F24D12FE2EF}.Release|x86.Build.0 = Release|Win32
		{5D269DDA-A5E2-416E-8A6B-D7A68BE1F798}.Debug|x64.ActiveCfg = Debug|x64
		{5D269DDA-A5E2-416E-8A6B-D7A68BE1F798}.Debug|x64.Build.0 = Debug|x64
		{5D269DDA-A5E2-416E-8A6B-D7A68BE1F798}.Debug|x86.ActiveCfg = Debug|Win32
		{5D269DDA-A5E2-416E-8A6B-D7A68BE1F798}.Debug|x86.Build.0 = Debug|Win32
		{5D269DDA-A5E2-416E-8A6B-D7A68BE1F798}.Release|x64.ActiveCfg = Release|x64
		{5D269DDA-A5E2-416E-8A6B-D7A68BE1F798}.Release|x64.Build.0 = Release|x64
		{5D269DDA-A5E2-416E-8A6B-D7A68BE1F798}.Release|x86.ActiveCfg = Release|Win32
		{5D269DDA-A5E2-416E-8A6B-D7A68BE1F798}.Release|x86.Build.0 = Release|Win32
		{332B771C-6ADB-4A8A-9663-7D47F727623C}.Debug|x64.ActiveCfg = Debug|x64
		{332B771C-6ADB-4A8A-9663-7D47F727623C}.Debug|x64.Build.0 = Debug|x64
		{332B771C-6ADB-4A8A-9663-7D47F727623C}.Debug|x86.ActiveCfg = Debug|Win32
		{332B771C-6ADB-4A8A-9663-7D47F727623C}.Debug|x86.Build.0 = Debug|Win32
		{332B771C-6ADB-4A8A-9663-7D47F727623C}.Release|x64.ActiveCfg = Release|x64
		{332B771C-6ADB-4A8A-9663-7D47F727623C}.Release|x64.Build.0 = Release|x64
		{332B771C-6ADB-4A8A-9663-7D47F727623C}.Release|x86.ActiveCfg = Release|Win32
		{332B771C-6ADB-4A8A-9663-7D47F727623C}.Release|x86.Build.0 = Release|Win32
		{96D276F6-B939-4FD7-B276-02B9A17F444E}.Debug|x64.ActiveCfg = Debug|x64
		{96D276F6-B939-4FD7-B276-02B9A17F444E}.Debug|x64.Build.0 = Debug|x64
		{96D276F6-B939-4FD7-B276-02B9A17F444E}.Debug|x86.ActiveCfg = Debug|Win32
		{96D276F6-B939-4FD7-B276-02B9A17F444E}.Debug|x86.Build.0 = Debug|Win32
		{96D276F6-B939-4FD7-B276-02B9A17F444E}.Release|x64.ActiveCfg = Release|x64
		{96D276F6-B939-4FD7-B276-02B9A17F444E}.Release|x64.Build.0 = Release|x64
		{96D276F6-B939-4FD7-B276-02B9A17F444E}.Release|x86.ActiveCfg = Release|Win32
		{96D276F6-B939-4FD7-B276-02B9A17F444E}.Release|x86.Build.0 = Release|Win32
		{DADD7FCF-DA5F-4BBC-AADA-5632A9F048CB}.Debug|x64.ActiveCfg = Debug|x64
		{DADD7FCF-DA5F-4BBC-AADA-5632A9F048CB}.Debug|x64.Build.0 = Debug|x64
		{DADD7FCF-DA5F-4BBC-AADA-5632A9F048CB}.Debug|x86.ActiveCfg = Debug|Win32
		{DADD7FCF-DA5F-4BBC-AADA-5632A9F048CB}.Debug|x86.Build.0 = Debug|Win32
		{DADD7FCF-DA5F-4BBC-AADA-5632A9F048CB}.Release|x64.ActiveCfg = Release|x64
		{DADD7FCF-DA5F-4BBC-AADA-5632A9F048CB}.Release|x64.Build.0 = Release|x64
		{DADD7FCF-DA5F-4BBC-AADA-5632A9F048CB}.Release|x86.ActiveCfg = Release|Win32
		{DADD7FCF-DA5F-4BBC-AADA-5632A9F048CB}.Release|x86.Build.0 = Release|Win32
		{43353D2B-5BC6-491E-9D30-4395A4C7FFF6}.Debug|x64.ActiveCfg = Debug|x64
		{43353D2B-5BC6-491E-9D30-4395A4C7FFF6}.Debug|x64.Build.0 = Debug|x64
		{43353D2B-5BC6-491E-9D30-4395A4C7FFF6}.Debug|x86.ActiveCfg = Debug|Win32
		{43353D2B-5BC6-491E-9D30-4395A4C7FFF6}.Debug|x86.Build.0 = Debug|Win32
		{43353D2B-5BC6-491E-9D30-4395A4C7FFF6}.Release|x64.ActiveCfg = Release|x64
		{43353D2B-5BC6-491E-9D30-4395A4C7FFF6}.Release|x64.Build.0 = Release|x64
		{43353D2B-5BC6-491E-9D30-4395A4C7FFF6}.Release|x86.ActiveCfg = Release|Win32
		{43353D2B-5BC6-491E-9D30-4395A4C7FFF6}.Release|x86.Build.0 = Release|Win32
		{0152FDCA-AB32-450C-84B5-84F8081B23ED}.Debug|x64.ActiveCfg = Debug|x64
		{0152FDCA-AB32-450C-84B5-84F8081B23ED}.Debug|x64.Build.0 = Debug|x64
		{0152FDCA-AB32-450C-84B5-84F8081B23ED}.Debug|x86.ActiveCfg = Debug|Win32
		{0152FDCA-AB32-450C-84B5-84F8081B23ED}.Debug|x86.Build.0 = Debug|Win32
		{0152FDCA-AB32-450C-84B5-84F8081B23ED}.Release|x64.ActiveCfg = Release|x64
		{0152FDCA-AB32-450C-84B5-84F8081B23ED}.Release|x64.Build.0 = Release|x64
		{0152FDCA-AB32-450C-84B5-84F8081B23ED}.Release|x86.ActiveCfg = Release|Win32
		{0152FDCA-AB32-450C-84B5-84F8081B23ED}.Release|x86.Build.0 = Release|Win32
		{A82A712B-5EC8-4085-BF82-9B4ED93F7D0B}.Debug|x64.ActiveCfg = Debug|x64
		{A82A712B-5EC8-4085-BF82-9B4ED93F7D0B}.Debug|x64.Build.0 = Debug|x64
		{A82A712B-5EC8-4085-BF82-9B4ED93F7D0B}.Debug|x86.ActiveCfg = Debug|Win32
		{A82A712B-5EC8-4085-BF82-9B4ED93F7D0B}.Debug|x86.Build.0 = Debug|Win32
		{A82A712B-5EC8-4085-BF82-9B4ED93F7D0B}.Release|x64.ActiveCfg = Release|x64
		{A82A712B-5EC8-4085-BF82-9B4ED93F7D0B}.Release|x64.Build.0 = Release|x64
		{A82A712B-5EC8-4085-BF82-9B4ED93F7D0B}.Release|x86.ActiveCfg = Release|Win32
		{A82A712B-5EC8-4085-BF82-9B4ED93F7D0B}.Release|x86.Build.0 = Release|Win32
		{06977634-BB2E-4626-8A31-6C3115286261}.Debug|x64.ActiveCfg = Debug|x64
		{06977634-BB2E-4626-8A31-6C3115286261}.Debug|x64.Build.0 = Debug|x64
		{06977634-BB2E-4626-8A31-6C3115286261}.Debug|x86.ActiveCfg = Debug|Win32
		{06977634-BB2E-4626-8A31-6C3115286261}.Debug|x86.Build.0 = Debug|Win32
		{06977634-BB2E-4626-8A31-6C3115286261}.Release|x64.ActiveCfg = Release|x64
		{06977634-BB2E-4626-8A31-6C3115286261}.Release|x64.Build.0 = Release|x64
		{06977634-BB2E-4626-8A31-6C3115286261}.Release|x86.ActiveCfg = Release|Win32
		{06977634-BB2E-4626-8A31-6C3115286261}.Release|x86.Build.0 = Release|Win32
		{E3B50ED0-6584-468A-8B73-828706C7D62F}.Debug|x64.ActiveCfg = Debug|x64
		{E3B50ED0-6584-468A-8B73-828706C7D62F}.Debug|x64.Build.0 = Debug|x64
		{E3B50ED0-6584-468A-8B73-828706C7D62F}.Debug|x86.ActiveCfg = Debug|Win32
		{E3B50ED0-6584-468A-8B73-828706C7D62F}.Debug|x86.Build.0 = Debug|Win32
		{E3B50ED0-6584-468A-8B73-828706C7D62F}.Release|x64.ActiveCfg = Release|x64
		{E3B50ED0-6584-468A-8B73-828706C7D62F}.Release|x64.Build.0 = Release|x64
		{E3B50ED0-6584-468A-8B73-828706C7D62F}.Release|x86.ActiveCfg = Release|Win32
		{E3B50ED0-6584-468A-8B73-828706C7D62F}.Release|x86.Build.0 = Release|Win32
		{E1373C9A-6691-4E52-BB8F-43D249B28A9B}.Debug|x64.ActiveCfg = Debug|x64
		{E1373C9A-6691-4E52-BB8F-43D249B28A9B}.Debug|x64.Build.0 = Debug|x64
		{E1373C9A-6691-4E52-BB8F-43D249B28A9B}.Debug|x86.ActiveCfg = Debug|Win32
		{E1373C9A-6691-4E52-BB8F-43D249B28A9B}.Debug|x86.Build.0 = Debug|Win32
		{E1373C9A-6691-4E52-BB8F-43D249B28A9B}.Release|x64.ActiveCfg = Release|x64
		{E1373C9A-6691-4E52-BB8F-43D249B28A9B}.Release|x64.Build.0 = Release|x64
		{E1373C9A-6691-4E52-BB8F-43D249B28A9B}.Release|x86.ActiveCfg = Release|Win32
		{E1373C9A-6691-4E52-BB8F-43D249B28A9B}.Release|x86.Build.0 = Release|Win32
		{B79FAC93-667D-410D-AFB0-EE6CD19CD30E}.Debug|x64.ActiveCfg = Debug|x64
		{B79FAC93-667D-410D-AFB0-EE6CD19CD30E}.Debug|x64.Build.0 = Debug|x64
		{B79FAC93-667D-410D-AFB0-EE6CD19CD30E}.Debug|x86.ActiveCfg = Debug|Win32
		{B79FAC93-667D-410D-AFB0-EE6CD19CD30E}.Debug|x86.Build.0 = Debug|Win32
		{B79FAC93-667D-410D-AFB0-EE6CD19CD30E}.Release|x64.ActiveCfg = Release|x64
		{B79FAC93-667D-410D-AFB0-EE6CD19CD30E}.Release|x64.Build.0 = Release|x64
		{B79FAC93-667D-410D-AFB0-EE6CD19CD30E}.Release|x86.ActiveCfg = Release|Win32
		{B79FAC93-667D-410D-AFB0-EE6CD19CD30E}.Release|x86.Build.0 = Release|Win32
		{F4D4FDCB-726E-49AC-A38B-1EDFC178348D}.Debug|x64.ActiveCfg = Debug|x64
		{F4D4FDCB-726E-49AC-A38B-1EDFC178348D}.Debug|x64.Build.0 = Debug|x64
		{F4D4FDCB-726E-49AC-A38B-1EDFC178348D}.Debug|x86.ActiveCfg = Debug|Win32
		{F4D4FDCB-726E-49AC-A38B-1EDFC178348D}.Debug|x86.Build.0 = Debug|Win32
		{F4D4FDCB-726E-49AC-A38B-1EDFC178348D}.Release|x64.ActiveCfg = Release|x64
		{F4D4FDCB-726E-49AC-A38B-1EDFC178348D}.Release|x64.Build.0 = Release|x64
		{F4D4FDCB-726E-49AC-A38B-1EDFC178348D}.Release|x86.ActiveCfg = Release|Win32
		{F4D4FDCB-726E-49AC-A38B-1EDFC178348D}.Release|x86.Build.0 = Release|Win32
		{34CB2FF9-8869-4CBD-BAF3-80A3CEABDF55}.Debug|x64.ActiveCfg = Debug|x64
		{34CB2FF9-8869-4CBD-BAF3-80A3CEABDF55}.Debug|x64.Build.0 = Debug|x64
		{34CB2FF9-8869-4CBD-BAF3-80A3CEABDF55}.Debug|x86.ActiveCfg = Debug|Win32
		{34CB2FF9-8869-4CBD-BAF3-80A3CEABDF55}.Debug|x86.Build.0 = Debug|Win32
		{34CB2FF9-8869-4CBD-BAF3-80A3CEABDF55}.Release|x64.ActiveCfg = Release|x64
		{34CB2FF9-8869-4CBD-BAF3-80A3CEABDF55}.Release|x64.Build.0 = Release|x64
		{34CB2FF9-8869-4CBD-BAF3-80A3CEABDF55}.Release|x86.ActiveCfg = Release|Win32
		{34CB2FF9-8869-4CBD-BAF3-80A3CEABDF55}.Release|x86.Build.0 = Release|Win32
		{087EB356-342C-4CE7-91FF-B8BD2930358A}.Debug|x64.ActiveCfg = Debug|x64
		{087EB356-342C-4CE7-91FF-B8BD2930358A}.Debug|x64.Build.0 = Debug|x64
		{087EB356-342C-4CE7-91FF-B8BD2930358A}.Debug|x86.ActiveCfg = Debug|Win32
		{087EB356-342C-4CE7-91FF-B8BD2930358A}.Debug|x86.Build.0 = Debug|Win32
		{087EB356-342C-4CE7-91FF-B8BD2930358A}.Release|x64.ActiveCfg = Release|x64
		{087EB356-342C-4CE7-91FF-B8BD2930358A}.Release|x64.Build.0 = Release|x64
		{087EB356-342C-4CE7-91FF-B8BD2930358A}.Release|x86.ActiveCfg = Release|Win32
		{087EB356-342C-4CE7-91FF-B8BD2930358A}.Release|x86.Build.0 = Release|Win32
		{074BD822-D114-4007-9CE1-D948C2876DBC}.Debug|x64.ActiveCfg = Debug|x64
		{074BD822-D114-4007-9CE1-D948C2876DBC}.Debug|x64.Build.0 = Debug|x64
		{074BD822-D114-4007-9CE1-D948C2876DBC}.Debug|x86.ActiveCfg = Debug|Win32
		{074BD822-D114-4007-9CE1-D948C2876DBC}.Debug|x86.Build.0 = Debug|Win32
		{074BD822-D114-4007-9CE1-D948C2876DBC}.Release|x64.ActiveCfg = Release|x64
		{074BD822-D114-4007-9CE1-D948C2876DBC}.Release|x64.Build.0 = Release|x64
		{074BD822-D114-4007-9CE1-D948C2876DBC}.Release|x86.ActiveCfg = Release|Win32
		{074BD822-D114-4007-9CE1-D948C2876DBC}.Release|x86.Build.0 = Release|Win32
		{F2F1BEDE-0B4F-456E-893C-938C9C104671}.Debug|x64.ActiveCfg = Debug|x64
		{F2F1BEDE-0B4F-456E-893C-938C9C104671}.Debug|x64.Build.0 = Debug|x64
		{F2F1BEDE-0B4F-456E-893C-938C9C104671}.Debug|x86.ActiveCfg = Debug|Win32
		{F2F1BEDE-0B4F-456E-893C-938C9C104671}.Debug|x86.Build.0 = Debug|Win32
		{F2F1BEDE-0B4F-456E-893C-938C9C104671}.Release|x64.ActiveCfg = Release|x64
		{F2F1BEDE-0B4F-456E-893C-938C9C104671}.Release|x64.Build.0 = Release|x64
		{F2F1BEDE-0B4F-456E-893C-938C9C104671}.Release|x86.ActiveCfg = Release|Win32
		{F2F1BEDE-0B4F-456E-893C-938C9C104671}.Release|x86.Build.0 = Release|Win32
		{44C1E970-71B4-40D6-BA4F-AFBCE2B8E175}.Debug|x64.ActiveCfg = Debug|x64
		{44C1E970-71B4-40D6-BA4F-AFBCE2B8E175}.Debug|x64.Build.0 = Debug|x64
		{44C1E970-71B4-40D6-BA4F-AFBCE2B8E175}.Debug|x86.ActiveCfg = Debug|Win32
		{44C1E970-71B4-40D6-BA4F-AFBCE2B8E175}.Debug|x86.Build.0 = Debug|Win32
		{44C1E970-71B4-40D6-BA4F-AFBCE2B8E175}.Release|x64.ActiveCfg = Release|x64
		{44C1E970-71B4-40D6-BA4F-AFBCE2B8E175}.Release|x64.Build.0 = Release|x64
		{44C1E970-71B4-40D6-BA4F-AFBCE2B8E175}.Release|x86.ActiveCfg = Release|Win32
		{44C1E970-71B4-40D6-BA4F-AFBCE2B8E175}.Release|x86.Build.0 = Release|Win32
	EndGlobalSection
	GlobalSection(SolutionProperties) = preSolution
		HideSolutionNode = FALSE
	EndGlobalSection
	GlobalSection(ExtensibilityGlobals) = postSolution
		SolutionGuid = {861E784D-C639-4EFC-9286-A9584D2F0447}
	EndGlobalSection
EndGlobal
